{
  "name": "drive-project",
  "lockfileVersion": 3,
  "requires": true,
  "packages": {
    "node_modules/.pnpm/cors@2.8.5": {},
    "node_modules/.pnpm/object-assign@4.1.1/node_modules/object-assign": {
      "version": "4.1.1",
      "extraneous": true,
      "license": "MIT",
      "devDependencies": {
        "ava": "^0.16.0",
        "lodash": "^4.16.4",
        "matcha": "^0.7.0",
        "xo": "^0.16.0"
      },
      "engines": {
        "node": ">=0.10.0"
      }
    },
    "node_modules/.pnpm/vary@1.1.2/node_modules/vary": {
      "version": "1.1.2",
      "extraneous": true,
      "license": "MIT",
      "devDependencies": {
        "beautify-benchmark": "0.2.4",
        "benchmark": "2.1.4",
        "eslint": "3.19.0",
        "eslint-config-standard": "10.2.1",
        "eslint-plugin-import": "2.7.0",
        "eslint-plugin-markdown": "1.0.0-beta.6",
        "eslint-plugin-node": "5.1.1",
        "eslint-plugin-promise": "3.5.0",
        "eslint-plugin-standard": "3.0.1",
        "istanbul": "0.4.5",
        "mocha": "2.5.3",
        "supertest": "1.1.0"
      },
      "engines": {
        "node": ">= 0.8"
      }
    }
  }
}
